
Microsoft Visual Studio Solution File, Format Version 12.00
# Visual Studio Version 17
VisualStudioVersion = 17.8.34309.116
MinimumVisualStudioVersion = 10.0.40219.1
Project("{54A90642-561A-4BB1-A94E-469ADEE60C69}") = "portfolio", "Portfolio\portfolio.esproj", "{744B9AE6-2D6F-4D7A-8914-52CC3B3C0E52}"
EndProject
Global
	GlobalSection(SolutionConfigurationPlatforms) = preSolution
		Debug|Any CPU = Debug|Any CPU
		Release|Any CPU = Release|Any CPU
	EndGlobalSection
	GlobalSection(ProjectConfigurationPlatforms) = postSolution
		{744B9AE6-2D6F-4D7A-8914-52CC3B3C0E52}.Debug|Any CPU.ActiveCfg = Debug|Any CPU
		{744B9AE6-2D6F-4D7A-8914-52CC3B3C0E52}.Debug|Any CPU.Deploy.0 = Debug|Any CPU
		{744B9AE6-2D6F-4D7A-8914-52CC3B3C0E52}.Release|Any CPU.ActiveCfg = Release|Any CPU
		{744B9AE6-2D6F-4D7A-8914-52CC3B3C0E52}.Release|Any CPU.Build.0 = Release|Any CPU
		{744B9AE6-2D6F-4D7A-8914-52CC3B3C0E52}.Release|Any CPU.Deploy.0 = Release|Any CPU
	EndGlobalSection
	GlobalSection(SolutionProperties) = preSolution
		HideSolutionNode = FALSE
	EndGlobalSection
	GlobalSection(ExtensibilityGlobals) = postSolution
		SolutionGuid = {D9218C0C-4F25-4D6F-BDAE-42DA80E91427}
	EndGlobalSection
EndGlobal
